
Microsoft Visual Studio Solution File, Format Version 12.00
# Visual Studio Version 17
VisualStudioVersion = 17.0.31903.59
MinimumVisualStudioVersion = 10.0.40219.1
Project("{FAE04EC0-301F-11D3-BF4B-00C04F79EFBC}") = "Dima.core", "Dima.Core\Dima.core.csproj", "{6762DCFF-0250-44BE-A2B1-FCFB8BC82530}"
EndProject
Project("{FAE04EC0-301F-11D3-BF4B-00C04F79EFBC}") = "Dima.Api", "Dima.Api\Dima.Api.csproj", "{09FCC62F-6CC5-4F1B-84A7-24A74AFE0095}"
EndProject
Project("{FAE04EC0-301F-11D3-BF4B-00C04F79EFBC}") = "Dima.Web", "Dima.Web\Dima.Web.csproj", "{DE876C3C-CE57-4719-B8F4-8A6CBA5084F4}"
EndProject
Global
	GlobalSection(SolutionConfigurationPlatforms) = preSolution
		Debug|Any CPU = Debug|Any CPU
		Release|Any CPU = Release|Any CPU
	EndGlobalSection
	GlobalSection(SolutionProperties) = preSolution
		HideSolutionNode = FALSE
	EndGlobalSection
	GlobalSection(ProjectConfigurationPlatforms) = postSolution
		{6762DCFF-0250-44BE-A2B1-FCFB8BC82530}.Debug|Any CPU.ActiveCfg = Debug|Any CPU
		{6762DCFF-0250-44BE-A2B1-FCFB8BC82530}.Debug|Any CPU.Build.0 = Debug|Any CPU
		{6762DCFF-0250-44BE-A2B1-FCFB8BC82530}.Release|Any CPU.ActiveCfg = Release|Any CPU
		{6762DCFF-0250-44BE-A2B1-FCFB8BC82530}.Release|Any CPU.Build.0 = Release|Any CPU
		{09FCC62F-6CC5-4F1B-84A7-24A74AFE0095}.Debug|Any CPU.ActiveCfg = Debug|Any CPU
		{09FCC62F-6CC5-4F1B-84A7-24A74AFE0095}.Debug|Any CPU.Build.0 = Debug|Any CPU
		{09FCC62F-6CC5-4F1B-84A7-24A74AFE0095}.Release|Any CPU.ActiveCfg = Release|Any CPU
		{09FCC62F-6CC5-4F1B-84A7-24A74AFE0095}.Release|Any CPU.Build.0 = Release|Any CPU
		{DE876C3C-CE57-4719-B8F4-8A6CBA5084F4}.Debug|Any CPU.ActiveCfg = Debug|Any CPU
		{DE876C3C-CE57-4719-B8F4-8A6CBA5084F4}.Debug|Any CPU.Build.0 = Debug|Any CPU
		{DE876C3C-CE57-4719-B8F4-8A6CBA5084F4}.Release|Any CPU.ActiveCfg = Release|Any CPU
		{DE876C3C-CE57-4719-B8F4-8A6CBA5084F4}.Release|Any CPU.Build.0 = Release|Any CPU
	EndGlobalSection
EndGlobal
